
Microsoft Visual Studio Solution File, Format Version 12.00
# Visual Studio 15
VisualStudioVersion = 15.0.28307.1022
MinimumVisualStudioVersion = 10.0.40219.1
Project("{FAE04EC0-301F-11D3-BF4B-00C04F79EFBC}") = "ENWAY", "ENWAY\ENWAY.csproj", "{69D7ADE4-F9F9-4E7D-B7B1-CF205EC60BE4}"
EndProject
Global
	GlobalSection(SolutionConfigurationPlatforms) = preSolution
		Debug|Any CPU = Debug|Any CPU
		Release|Any CPU = Release|Any CPU
	EndGlobalSection
	GlobalSection(ProjectConfigurationPlatforms) = postSolution
		{69D7ADE4-F9F9-4E7D-B7B1-CF205EC60BE4}.Debug|Any CPU.ActiveCfg = Debug|Any CPU
		{69D7ADE4-F9F9-4E7D-B7B1-CF205EC60BE4}.Debug|Any CPU.Build.0 = Debug|Any CPU
		{69D7ADE4-F9F9-4E7D-B7B1-CF205EC60BE4}.Release|Any CPU.ActiveCfg = Release|Any CPU
		{69D7ADE4-F9F9-4E7D-B7B1-CF205EC60BE4}.Release|Any CPU.Build.0 = Release|Any CPU
	EndGlobalSection
	GlobalSection(SolutionProperties) = preSolution
		HideSolutionNode = FALSE
	EndGlobalSection
	GlobalSection(ExtensibilityGlobals) = postSolution
		SolutionGuid = {5CF7FB40-9EAF-4E11-83D9-1089D6F4A68C}
	EndGlobalSection
EndGlobal
